
Microsoft Visual Studio Solution File, Format Version 12.00
# Visual Studio Version 16
VisualStudioVersion = 16.0.31205.134
MinimumVisualStudioVersion = 10.0.40219.1
Project("{FAE04EC0-301F-11D3-BF4B-00C04F79EFBC}") = "laba1", "laba1\laba1.csproj", "{C2E364CB-9163-4366-8B95-22FD1B8409A3}"
EndProject
Global
	GlobalSection(SolutionConfigurationPlatforms) = preSolution
		Debug|Any CPU = Debug|Any CPU
		Release|Any CPU = Release|Any CPU
	EndGlobalSection
	GlobalSection(ProjectConfigurationPlatforms) = postSolution
		{C2E364CB-9163-4366-8B95-22FD1B8409A3}.Debug|Any CPU.ActiveCfg = Debug|Any CPU
		{C2E364CB-9163-4366-8B95-22FD1B8409A3}.Debug|Any CPU.Build.0 = Debug|Any CPU
		{C2E364CB-9163-4366-8B95-22FD1B8409A3}.Release|Any CPU.ActiveCfg = Release|Any CPU
		{C2E364CB-9163-4366-8B95-22FD1B8409A3}.Release|Any CPU.Build.0 = Release|Any CPU
	EndGlobalSection
	GlobalSection(SolutionProperties) = preSolution
		HideSolutionNode = FALSE
	EndGlobalSection
	GlobalSection(ExtensibilityGlobals) = postSolution
		SolutionGuid = {E64899B7-89A1-4DBE-BF52-A99F998052BA}
	EndGlobalSection
EndGlobal
